
Microsoft Visual Studio Solution File, Format Version 12.00
# Visual Studio Version 16
VisualStudioVersion = 16.0.31624.102
MinimumVisualStudioVersion = 10.0.40219.1
Project("{8BC9CEB8-8B4A-11D0-8D11-00A0C91BC942}") = "BigNumberCalculator", "BigNumberCalculator\BigNumberCalculator.vcxproj", "{320F4881-25A3-4579-9F60-02B319665DBF}"
EndProject
Global
	GlobalSection(SolutionConfigurationPlatforms) = preSolution
		Debug|x64 = Debug|x64
		Debug|x86 = Debug|x86
		Release|x64 = Release|x64
		Release|x86 = Release|x86
	EndGlobalSection
	GlobalSection(ProjectConfigurationPlatforms) = postSolution
		{320F4881-25A3-4579-9F60-02B319665DBF}.Debug|x64.ActiveCfg = Debug|x64
		{320F4881-25A3-4579-9F60-02B319665DBF}.Debug|x64.Build.0 = Debug|x64
		{320F4881-25A3-4579-9F60-02B319665DBF}.Debug|x86.ActiveCfg = Debug|Win32
		{320F4881-25A3-4579-9F60-02B319665DBF}.Debug|x86.Build.0 = Debug|Win32
		{320F4881-25A3-4579-9F60-02B319665DBF}.Release|x64.ActiveCfg = Release|x64
		{320F4881-25A3-4579-9F60-02B319665DBF}.Release|x64.Build.0 = Release|x64
		{320F4881-25A3-4579-9F60-02B319665DBF}.Release|x86.ActiveCfg = Release|Win32
		{320F4881-25A3-4579-9F60-02B319665DBF}.Release|x86.Build.0 = Release|Win32
	EndGlobalSection
	GlobalSection(SolutionProperties) = preSolution
		HideSolutionNode = FALSE
	EndGlobalSection
	GlobalSection(ExtensibilityGlobals) = postSolution
		SolutionGuid = {6FC652AE-B6D0-465C-9007-DAFDF4A51919}
	EndGlobalSection
EndGlobal
